
Microsoft Visual Studio Solution File, Format Version 12.00
# Visual Studio Version 16
VisualStudioVersion = 16.0.30413.136
MinimumVisualStudioVersion = 10.0.40219.1
Project("{FAE04EC0-301F-11D3-BF4B-00C04F79EFBC}") = "Sanch.NewApp", "Sanch.NewApp\Sanch.NewApp.csproj", "{6F8208B0-A467-4648-AAF3-07A501B4D7A5}"
EndProject
Global
	GlobalSection(SolutionConfigurationPlatforms) = preSolution
		Debug|Any CPU = Debug|Any CPU
		Release|Any CPU = Release|Any CPU
	EndGlobalSection
	GlobalSection(ProjectConfigurationPlatforms) = postSolution
		{6F8208B0-A467-4648-AAF3-07A501B4D7A5}.Debug|Any CPU.ActiveCfg = Debug|Any CPU
		{6F8208B0-A467-4648-AAF3-07A501B4D7A5}.Debug|Any CPU.Build.0 = Debug|Any CPU
		{6F8208B0-A467-4648-AAF3-07A501B4D7A5}.Release|Any CPU.ActiveCfg = Release|Any CPU
		{6F8208B0-A467-4648-AAF3-07A501B4D7A5}.Release|Any CPU.Build.0 = Release|Any CPU
	EndGlobalSection
	GlobalSection(SolutionProperties) = preSolution
		HideSolutionNode = FALSE
	EndGlobalSection
	GlobalSection(ExtensibilityGlobals) = postSolution
		SolutionGuid = {4FE24612-7A58-4C93-B47C-2A965516273A}
	EndGlobalSection
EndGlobal
